{
  "version": 4,
  "terraform_version": "1.9.3",
  "serial": 12,
  "lineage": "ea179ab5-ef06-208d-24f4-9bbf1f92b9fa",
  "outputs": {},
  "resources": [
    {
      "mode": "data",
      "type": "aws_security_group",
      "name": "terraform-sg",
      "provider": "provider[\"registry.terraform.io/hashicorp/aws\"]",
      "instances": [
        {
          "schema_version": 0,
          "attributes": {
            "arn": "arn:aws:ec2:eu-west-3:891377091846:security-group/sg-00a7fe3fdb054f43b",
            "description": "ssh et ping",
            "filter": null,
            "id": "sg-00a7fe3fdb054f43b",
            "name": "terraform-gs",
            "tags": {},
            "timeouts": null,
            "vpc_id": "vpc-0ca28da2b4bcb502b"
          },
          "sensitive_attributes": []
        }
      ]
    },
    {
      "mode": "managed",
      "type": "aws_instance",
      "name": "app_server",
      "provider": "provider[\"registry.terraform.io/hashicorp/aws\"]",
      "instances": [
        {
          "schema_version": 1,
          "attributes": {
            "ami": "ami-0314c062c813a4aa0",
            "arn": "arn:aws:ec2:eu-west-3:891377091846:instance/i-0033337147235b05e",
            "associate_public_ip_address": true,
            "availability_zone": "eu-west-3a",
            "capacity_reservation_specification": [
              {
                "capacity_reservation_preference": "open",
                "capacity_reservation_target": []
              }
            ],
            "cpu_core_count": 1,
            "cpu_options": [
              {
                "amd_sev_snp": "",
                "core_count": 1,
                "threads_per_core": 1
              }
            ],
            "cpu_threads_per_core": 1,
            "credit_specification": [
              {
                "cpu_credits": "standard"
              }
            ],
            "disable_api_stop": false,
            "disable_api_termination": false,
            "ebs_block_device": [],
            "ebs_optimized": false,
            "enclave_options": [
              {
                "enabled": false
              }
            ],
            "ephemeral_block_device": [],
            "get_password_data": false,
            "hibernation": false,
            "host_id": "",
            "host_resource_group_arn": null,
            "iam_instance_profile": "",
            "id": "i-0033337147235b05e",
            "instance_initiated_shutdown_behavior": "stop",
            "instance_state": "running",
            "instance_type": "t2.micro",
            "ipv6_address_count": 0,
            "ipv6_addresses": [],
            "key_name": "id_rsa",
            "launch_template": [],
            "maintenance_options": [
              {
                "auto_recovery": "default"
              }
            ],
            "metadata_options": [
              {
                "http_endpoint": "enabled",
                "http_put_response_hop_limit": 1,
                "http_tokens": "optional",
                "instance_metadata_tags": "disabled"
              }
            ],
            "monitoring": false,
            "network_interface": [],
            "outpost_arn": "",
            "password_data": "",
            "placement_group": "",
            "placement_partition_number": 0,
            "primary_network_interface_id": "eni-0c9278b7e9685dbba",
            "private_dns": "ip-172-31-14-174.eu-west-3.compute.internal",
            "private_dns_name_options": [
              {
                "enable_resource_name_dns_a_record": false,
                "enable_resource_name_dns_aaaa_record": false,
                "hostname_type": "ip-name"
              }
            ],
            "private_ip": "172.31.14.174",
            "public_dns": "ec2-35-180-91-182.eu-west-3.compute.amazonaws.com",
            "public_ip": "35.180.91.182",
            "root_block_device": [
              {
                "delete_on_termination": true,
                "device_name": "/dev/xvda",
                "encrypted": false,
                "iops": 3000,
                "kms_key_id": "",
                "tags": {},
                "throughput": 125,
                "volume_id": "vol-027c083bcea126a5f",
                "volume_size": 8,
                "volume_type": "gp3"
              }
            ],
            "secondary_private_ips": [],
            "security_groups": [
              "terraform-gs"
            ],
            "source_dest_check": true,
            "subnet_id": "subnet-0e261f06cc0d2e10d",
            "tags": {
              "Name": "terraform-test"
            },
            "tags_all": {
              "Name": "terraform-test"
            },
            "tenancy": "default",
            "timeouts": null,
            "user_data": null,
            "user_data_base64": null,
            "user_data_replace_on_change": false,
            "volume_tags": null,
            "vpc_security_group_ids": [
              "sg-00a7fe3fdb054f43b"
            ]
          },
          "sensitive_attributes": [],
          "private": "eyJlMmJmYjczMC1lY2FhLTExZTYtOGY4OC0zNDM2M2JjN2M0YzAiOnsiY3JlYXRlIjo2MDAwMDAwMDAwMDAsImRlbGV0ZSI6MTIwMDAwMDAwMDAwMCwidXBkYXRlIjo2MDAwMDAwMDAwMDB9LCJzY2hlbWFfdmVyc2lvbiI6IjEifQ==",
          "dependencies": [
            "aws_key_pair.terraform-key",
            "data.aws_security_group.terraform-sg"
          ]
        }
      ]
    },
    {
      "mode": "managed",
      "type": "aws_key_pair",
      "name": "terraform-key",
      "provider": "provider[\"registry.terraform.io/hashicorp/aws\"]",
      "instances": [
        {
          "schema_version": 1,
          "attributes": {
            "arn": "arn:aws:ec2:eu-west-3:891377091846:key-pair/id_rsa",
            "fingerprint": "83:70:af:8f:fe:a8:29:c7:25:71:cd:0e:d8:83:e1:90",
            "id": "id_rsa",
            "key_name": "id_rsa",
            "key_name_prefix": "",
            "key_pair_id": "key-0324784554034bc8e",
            "key_type": "rsa",
            "public_key": "ssh-rsa AAAAB3NzaC1yc2EAAAADAQABAAABgQDWq7NeiuSegtIelrAnNJojAmYqAkLZ/hrvWR5LNmvJyqSvuU4D8BIcEr1O96WAFMXv8UMOe0baN9s3aryxcRutjIcGeTfoouSVWLe57PRkeI4b7vO0xnaAeujF3ZVvd68m4dFSlgdcdWpMDLlt4hVgp1WjyopowlqfHZZJ6sVspdEORuNi42SSTs2jLwuYYmuuloof/U2zH7rAbVVNb9kg/FWv2Fplp75S/3Ccr8uKRyt9FFDKvMUhuVZDH49ERJje6pFxjfGzeh7ZPQPlYbU+M4Z+VGZrYfLI9xUpk75nAv+yU8tMPpBRRrtZ1q7mVhMRRbb6TMiaK72H/IQQjn7Y8D9ZGUItkceyXlKOiObbvIgfHqwK1s5mE3dop78FxdV0LgMZWTENnZiwd9euTAb7JGNrAHj3d9zYQGi2Q9qnNwyW3SIhe15Gn0D1Ll512mAfE5JotWfRIvhwnhqNTqoUG7hrwmAF30pg40btToDAQexoESjULpoWGzHDKPg7tgU= jme@jme-VirtualBox",
            "tags": null,
            "tags_all": {}
          },
          "sensitive_attributes": [],
          "private": "eyJzY2hlbWFfdmVyc2lvbiI6IjEifQ=="
        }
      ]
    }
  ],
  "check_results": null
}
